
Microsoft Visual Studio Solution File, Format Version 12.00
# Visual Studio Version 16
VisualStudioVersion = 16.0.30503.244
MinimumVisualStudioVersion = 10.0.40219.1
Project("{FAE04EC0-301F-11D3-BF4B-00C04F79EFBC}") = "Azure-Storage", "Azure-Storage.csproj", "{9757A7BF-2FBE-44FC-987B-F00E4C46D47A}"
EndProject
Global
	GlobalSection(SolutionConfigurationPlatforms) = preSolution
		Debug|Any CPU = Debug|Any CPU
		Release|Any CPU = Release|Any CPU
	EndGlobalSection
	GlobalSection(ProjectConfigurationPlatforms) = postSolution
		{9757A7BF-2FBE-44FC-987B-F00E4C46D47A}.Debug|Any CPU.ActiveCfg = Debug|Any CPU
		{9757A7BF-2FBE-44FC-987B-F00E4C46D47A}.Debug|Any CPU.Build.0 = Debug|Any CPU
		{9757A7BF-2FBE-44FC-987B-F00E4C46D47A}.Release|Any CPU.ActiveCfg = Release|Any CPU
		{9757A7BF-2FBE-44FC-987B-F00E4C46D47A}.Release|Any CPU.Build.0 = Release|Any CPU
	EndGlobalSection
	GlobalSection(SolutionProperties) = preSolution
		HideSolutionNode = FALSE
	EndGlobalSection
	GlobalSection(ExtensibilityGlobals) = postSolution
		SolutionGuid = {748336FD-D3AF-40E1-9F75-311A183729DA}
	EndGlobalSection
EndGlobal
